// !$*UTF8*$!
{
	archiveVersion = 1;
	classes = {
	};
	objectVersion = 46;
	objects = {

/* Begin PBXBuildFile section */
		0D0398521C9F90DB00A65973 /* MyEventVC.m in Sources */ = {isa = PBXBuildFile; fileRef = 0D0398511C9F90DB00A65973 /* MyEventVC.m */; };
		0D0B8C681CCF171B00DB61D0 /* AssetCell.m in Sources */ = {isa = PBXBuildFile; fileRef = 0D0B8C661CCF171B00DB61D0 /* AssetCell.m */; };
		0D0B8C691CCF171B00DB61D0 /* AssetCell.xib in Resources */ = {isa = PBXBuildFile; fileRef = 0D0B8C671CCF171B00DB61D0 /* AssetCell.xib */; };
		0D0B8C6D1CCF1CC900DB61D0 /* AssetTableCell.m in Sources */ = {isa = PBXBuildFile; fileRef = 0D0B8C6B1CCF1CC900DB61D0 /* AssetTableCell.m */; };
		0D0B8C6E1CCF1CC900DB61D0 /* AssetTableCell.xib in Resources */ = {isa = PBXBuildFile; fileRef = 0D0B8C6C1CCF1CC900DB61D0 /* AssetTableCell.xib */; };
		0D0B8C711CCF3C2D00DB61D0 /* ImagePickerVC.m in Sources */ = {isa = PBXBuildFile; fileRef = 0D0B8C701CCF3C2D00DB61D0 /* ImagePickerVC.m */; };
		0D0B8C741CCF6D7C00DB61D0 /* DiyCollectionView.m in Sources */ = {isa = PBXBuildFile; fileRef = 0D0B8C731CCF6D7C00DB61D0 /* DiyCollectionView.m */; };
		0D1C55F41CD3645D00165E81 /* UIImage+Handler.m in Sources */ = {isa = PBXBuildFile; fileRef = 0D1C55F31CD3645D00165E81 /* UIImage+Handler.m */; };
		0D2912DA1CC47BD7005EF62A /* APageTextLabel.m in Sources */ = {isa = PBXBuildFile; fileRef = 0D2912D91CC47BD7005EF62A /* APageTextLabel.m */; };
		0D3C0F941CA3E2020063F5CB /* PersonalInfoVC.m in Sources */ = {isa = PBXBuildFile; fileRef = 0D3C0F931CA3E2020063F5CB /* PersonalInfoVC.m */; };
		0D4B3EC01CCDCF880052B22D /* DiyAddPageView.m in Sources */ = {isa = PBXBuildFile; fileRef = 0D4B3EBF1CCDCF880052B22D /* DiyAddPageView.m */; };
		0D4B3EC41CCDFC490052B22D /* CropImageViewController.m in Sources */ = {isa = PBXBuildFile; fileRef = 0D4B3EC21CCDFC490052B22D /* CropImageViewController.m */; };
		0D4B3EC51CCDFC490052B22D /* CropImageViewController.xib in Resources */ = {isa = PBXBuildFile; fileRef = 0D4B3EC31CCDFC490052B22D /* CropImageViewController.xib */; };
		0D4B3EC81CCE17340052B22D /* SelectImageVC.m in Sources */ = {isa = PBXBuildFile; fileRef = 0D4B3EC71CCE17340052B22D /* SelectImageVC.m */; };
		0D5D7B741CA0FF22002E1D3F /* UserInfoItem.m in Sources */ = {isa = PBXBuildFile; fileRef = 0D5D7B731CA0FF22002E1D3F /* UserInfoItem.m */; };
		0D5D7B771CA1481D002E1D3F /* LoginVC.m in Sources */ = {isa = PBXBuildFile; fileRef = 0D5D7B761CA1481D002E1D3F /* LoginVC.m */; };
		0D630BB31C9A5E340063AC7E /* QTAPIClient.m in Sources */ = {isa = PBXBuildFile; fileRef = 0D630BB21C9A5E340063AC7E /* QTAPIClient.m */; };
		0D630BB81C9A96600063AC7E /* BaseViewController.m in Sources */ = {isa = PBXBuildFile; fileRef = 0D630BB71C9A96600063AC7E /* BaseViewController.m */; };
		0D630BBE1C9A9D9B0063AC7E /* MyAlertView.m in Sources */ = {isa = PBXBuildFile; fileRef = 0D630BBD1C9A9D9B0063AC7E /* MyAlertView.m */; };
		0D6BC6071CAB7F9D0027B5A6 /* BuyTemplateContentVC.m in Sources */ = {isa = PBXBuildFile; fileRef = 0D6BC6061CAB7F9D0027B5A6 /* BuyTemplateContentVC.m */; };
		0D6BC60A1CABC2FB0027B5A6 /* TemplatePreviewVC.m in Sources */ = {isa = PBXBuildFile; fileRef = 0D6BC6091CABC2FB0027B5A6 /* TemplatePreviewVC.m */; };
		0D7325731CB33F64008899BA /* DiyBottomBar.m in Sources */ = {isa = PBXBuildFile; fileRef = 0D7325721CB33F64008899BA /* DiyBottomBar.m */; };
		0D73257C1CB34A68008899BA /* BtnContentVSort.m in Sources */ = {isa = PBXBuildFile; fileRef = 0D73257B1CB34A68008899BA /* BtnContentVSort.m */; };
		0D7325821CB3947F008899BA /* DiyMainBottomBar.m in Sources */ = {isa = PBXBuildFile; fileRef = 0D7325811CB3947F008899BA /* DiyMainBottomBar.m */; };
		0D7325881CB39C1C008899BA /* DiyOnePageCell.m in Sources */ = {isa = PBXBuildFile; fileRef = 0D7325871CB39C1C008899BA /* DiyOnePageCell.m */; };
		0D73258A1CB3BEAA008899BA /* data.json in Resources */ = {isa = PBXBuildFile; fileRef = 0D7325891CB3BEAA008899BA /* data.json */; };
		0D76A1B31CD0BB0D007C2823 /* PhotoTweakView.m in Sources */ = {isa = PBXBuildFile; fileRef = 0D76A1B21CD0BB0D007C2823 /* PhotoTweakView.m */; };
		0D7D51F71CACD7D10085E138 /* TemplateItem.m in Sources */ = {isa = PBXBuildFile; fileRef = 0D7D51F61CACD7D10085E138 /* TemplateItem.m */; };
		0D7D51FA1CACDA6F0085E138 /* DiyTemplateMainVC.m in Sources */ = {isa = PBXBuildFile; fileRef = 0D7D51F91CACDA6F0085E138 /* DiyTemplateMainVC.m */; };
		0D7D779F1CAE045500AF9E7D /* SelectBgColor.m in Sources */ = {isa = PBXBuildFile; fileRef = 0D7D779E1CAE045500AF9E7D /* SelectBgColor.m */; };
		0D7D77A81CAE6F9D00AF9E7D /* UIColor+Hex.m in Sources */ = {isa = PBXBuildFile; fileRef = 0D7D77A71CAE6F9D00AF9E7D /* UIColor+Hex.m */; };
		0D84905A1CA8CA8700A28D94 /* StoreKit.framework in Frameworks */ = {isa = PBXBuildFile; fileRef = 0D8490591CA8CA8700A28D94 /* StoreKit.framework */; };
		0D8490761CA8E91100A28D94 /* QTSlideBtnView.m in Sources */ = {isa = PBXBuildFile; fileRef = 0D8490751CA8E91100A28D94 /* QTSlideBtnView.m */; };
		0D84907C1CA9136100A28D94 /* QTBigScrollView.m in Sources */ = {isa = PBXBuildFile; fileRef = 0D84907B1CA9136100A28D94 /* QTBigScrollView.m */; };
		0D84907F1CA913D400A28D94 /* QTBuyMainView.m in Sources */ = {isa = PBXBuildFile; fileRef = 0D84907E1CA913D400A28D94 /* QTBuyMainView.m */; };
		0D8490821CA9200A00A28D94 /* BuyTemplateMainVC.m in Sources */ = {isa = PBXBuildFile; fileRef = 0D8490811CA9200A00A28D94 /* BuyTemplateMainVC.m */; };
		0D84908B1CA92B6800A28D94 /* CreatorCollectionCell.m in Sources */ = {isa = PBXBuildFile; fileRef = 0D84908A1CA92B6800A28D94 /* CreatorCollectionCell.m */; };
		0D85721A1CB785E200936F0D /* model.json in Resources */ = {isa = PBXBuildFile; fileRef = 0D8572191CB785E200936F0D /* model.json */; };
		0D8764F51CA39EE70078E871 /* MyUtills.m in Sources */ = {isa = PBXBuildFile; fileRef = 0D8764F41CA39EE70078E871 /* MyUtills.m */; };
		0D8764F81CA3A21E0078E871 /* IdentifierValidator.m in Sources */ = {isa = PBXBuildFile; fileRef = 0D8764F71CA3A21E0078E871 /* IdentifierValidator.m */; };
		0D8764FC1CA3A2D00078E871 /* NSString+SSToolkitAdditions.m in Sources */ = {isa = PBXBuildFile; fileRef = 0D8764FB1CA3A2D00078E871 /* NSString+SSToolkitAdditions.m */; };
		0D8764FF1CA3A3410078E871 /* NSData+SSToolkitAdditions.m in Sources */ = {isa = PBXBuildFile; fileRef = 0D8764FE1CA3A3410078E871 /* NSData+SSToolkitAdditions.m */; };
		0D8899FD1CA4D0E1003F6B29 /* ArrayDataSource.m in Sources */ = {isa = PBXBuildFile; fileRef = 0D8899FC1CA4D0E1003F6B29 /* ArrayDataSource.m */; };
		0D8A6A2B1CA2367F00C65EF0 /* MyTextField.m in Sources */ = {isa = PBXBuildFile; fileRef = 0D8A6A2A1CA2367F00C65EF0 /* MyTextField.m */; };
		0D8A6A2E1CA27BA600C65EF0 /* SettingsVC.m in Sources */ = {isa = PBXBuildFile; fileRef = 0D8A6A2D1CA27BA600C65EF0 /* SettingsVC.m */; };
		0D97ABD71CA6661200099DF7 /* CreatorMainVC.m in Sources */ = {isa = PBXBuildFile; fileRef = 0D97ABD61CA6661200099DF7 /* CreatorMainVC.m */; };
		0D9C9DB31C97E62400652830 /* main.m in Sources */ = {isa = PBXBuildFile; fileRef = 0D9C9DB21C97E62400652830 /* main.m */; };
		0D9C9DB61C97E62400652830 /* AppDelegate.m in Sources */ = {isa = PBXBuildFile; fileRef = 0D9C9DB51C97E62400652830 /* AppDelegate.m */; };
		0D9C9DBE1C97E62400652830 /* Assets.xcassets in Resources */ = {isa = PBXBuildFile; fileRef = 0D9C9DBD1C97E62400652830 /* Assets.xcassets */; };
		0D9C9DC11C97E62400652830 /* LaunchScreen.storyboard in Resources */ = {isa = PBXBuildFile; fileRef = 0D9C9DBF1C97E62400652830 /* LaunchScreen.storyboard */; };
		0D9C9DCC1C97E62400652830 /* qituTests.m in Sources */ = {isa = PBXBuildFile; fileRef = 0D9C9DCB1C97E62400652830 /* qituTests.m */; };
		0D9C9DD71C97E62400652830 /* qituUITests.m in Sources */ = {isa = PBXBuildFile; fileRef = 0D9C9DD61C97E62400652830 /* qituUITests.m */; };
		0DA937631C9BD715000DC170 /* MyEventCell.m in Sources */ = {isa = PBXBuildFile; fileRef = 0DA937621C9BD715000DC170 /* MyEventCell.m */; };
		0DA937661C9BF0EA000DC170 /* HomeViewController.m in Sources */ = {isa = PBXBuildFile; fileRef = 0DA937651C9BF0EA000DC170 /* HomeViewController.m */; };
		0DA937681C9BF162000DC170 /* MyEvent.storyboard in Resources */ = {isa = PBXBuildFile; fileRef = 0DA937671C9BF162000DC170 /* MyEvent.storyboard */; };
		0DA9376A1C9BF17D000DC170 /* Creator.storyboard in Resources */ = {isa = PBXBuildFile; fileRef = 0DA937691C9BF17D000DC170 /* Creator.storyboard */; };
		0DA9376C1C9BF19A000DC170 /* PublicEvent.storyboard in Resources */ = {isa = PBXBuildFile; fileRef = 0DA9376B1C9BF19A000DC170 /* PublicEvent.storyboard */; };
		0DA937721C9BF576000DC170 /* PublicEventVC.m in Sources */ = {isa = PBXBuildFile; fileRef = 0DA937711C9BF576000DC170 /* PublicEventVC.m */; };
		0DAED5B51CAA140A00D0BEA5 /* StoreTemplateItem.m in Sources */ = {isa = PBXBuildFile; fileRef = 0DAED5B41CAA140A00D0BEA5 /* StoreTemplateItem.m */; };
		0DAED5B81CAA14E600D0BEA5 /* CategoryItem.m in Sources */ = {isa = PBXBuildFile; fileRef = 0DAED5B71CAA14E600D0BEA5 /* CategoryItem.m */; };
		0DAED5BB1CAA247100D0BEA5 /* StoreTemplateCell.m in Sources */ = {isa = PBXBuildFile; fileRef = 0DAED5BA1CAA247100D0BEA5 /* StoreTemplateCell.m */; };
		0DCE80A51CB5F2B30003ADB1 /* APageImgItem.m in Sources */ = {isa = PBXBuildFile; fileRef = 0DCE80A41CB5F2B30003ADB1 /* APageImgItem.m */; };
		0DCE80A91CB5F2E60003ADB1 /* APageTextItem.m in Sources */ = {isa = PBXBuildFile; fileRef = 0DCE80A81CB5F2E60003ADB1 /* APageTextItem.m */; };
		0DCE80AC1CB5F2FD0003ADB1 /* DiyAPageItem.m in Sources */ = {isa = PBXBuildFile; fileRef = 0DCE80AB1CB5F2FD0003ADB1 /* DiyAPageItem.m */; };
		0DD2D0641CA5309700F2EF62 /* UserDetailItem.m in Sources */ = {isa = PBXBuildFile; fileRef = 0DD2D0631CA5309700F2EF62 /* UserDetailItem.m */; };
		0DD2D0671CA534FC00F2EF62 /* PersonalInfoCell.m in Sources */ = {isa = PBXBuildFile; fileRef = 0DD2D0661CA534FC00F2EF62 /* PersonalInfoCell.m */; };
		0DD609301CC5CE6F002AB7DE /* 001.jpg in Resources */ = {isa = PBXBuildFile; fileRef = 0DD6092C1CC5CE6F002AB7DE /* 001.jpg */; };
		0DD609311CC5CE6F002AB7DE /* 002.jpg in Resources */ = {isa = PBXBuildFile; fileRef = 0DD6092D1CC5CE6F002AB7DE /* 002.jpg */; };
		0DD609331CC5CE6F002AB7DE /* 004.jpg in Resources */ = {isa = PBXBuildFile; fileRef = 0DD6092F1CC5CE6F002AB7DE /* 004.jpg */; };
		0DE33A061CC858BE00E5D229 /* APageImgView.m in Sources */ = {isa = PBXBuildFile; fileRef = 0DE33A051CC858BE00E5D229 /* APageImgView.m */; };
		0DE33A081CC8754700E5D229 /* 003@2x.png in Resources */ = {isa = PBXBuildFile; fileRef = 0DE33A071CC8754700E5D229 /* 003@2x.png */; };
		0DE3DD341CDB2067002612D6 /* DiyTextContentView.m in Sources */ = {isa = PBXBuildFile; fileRef = 0DE3DD331CDB2067002612D6 /* DiyTextContentView.m */; };
		0DFD5C101CD98A930047A3E6 /* DiyPageSortBottomBar.m in Sources */ = {isa = PBXBuildFile; fileRef = 0DFD5C0F1CD98A930047A3E6 /* DiyPageSortBottomBar.m */; };
		0DFD5C121CD99C190047A3E6 /* Intro_2@2x.png in Resources */ = {isa = PBXBuildFile; fileRef = 0DFD5C111CD99C190047A3E6 /* Intro_2@2x.png */; };
		6B09B59704F3633ECD5D669F /* Pods_qitu.framework in Frameworks */ = {isa = PBXBuildFile; fileRef = 5D181B34881D259D5238DA90 /* Pods_qitu.framework */; settings = {ATTRIBUTES = (Weak, ); }; };
/* End PBXBuildFile section */

/* Begin PBXContainerItemProxy section */
		0D9C9DC81C97E62400652830 /* PBXContainerItemProxy */ = {
			isa = PBXContainerItemProxy;
			containerPortal = 0D9C9DA61C97E62400652830 /* Project object */;
			proxyType = 1;
			remoteGlobalIDString = 0D9C9DAD1C97E62400652830;
			remoteInfo = qitu;
		};
		0D9C9DD31C97E62400652830 /* PBXContainerItemProxy */ = {
			isa = PBXContainerItemProxy;
			containerPortal = 0D9C9DA61C97E62400652830 /* Project object */;
			proxyType = 1;
			remoteGlobalIDString = 0D9C9DAD1C97E62400652830;
			remoteInfo = qitu;
		};
/* End PBXContainerItemProxy section */

/* Begin PBXFileReference section */
		0D0398501C9F90DB00A65973 /* MyEventVC.h */ = {isa = PBXFileReference; fileEncoding = 4; lastKnownFileType = sourcecode.c.h; path = MyEventVC.h; sourceTree = "<group>"; };
		0D0398511C9F90DB00A65973 /* MyEventVC.m */ = {isa = PBXFileReference; fileEncoding = 4; lastKnownFileType = sourcecode.c.objc; path = MyEventVC.m; sourceTree = "<group>"; };
		0D0B8C651CCF171B00DB61D0 /* AssetCell.h */ = {isa = PBXFileReference; fileEncoding = 4; lastKnownFileType = sourcecode.c.h; path = AssetCell.h; sourceTree = "<group>"; };
		0D0B8C661CCF171B00DB61D0 /* AssetCell.m */ = {isa = PBXFileReference; fileEncoding = 4; lastKnownFileType = sourcecode.c.objc; path = AssetCell.m; sourceTree = "<group>"; };
		0D0B8C671CCF171B00DB61D0 /* AssetCell.xib */ = {isa = PBXFileReference; fileEncoding = 4; lastKnownFileType = file.xib; path = AssetCell.xib; sourceTree = "<group>"; };
		0D0B8C6A1CCF1CC900DB61D0 /* AssetTableCell.h */ = {isa = PBXFileReference; fileEncoding = 4; lastKnownFileType = sourcecode.c.h; path = AssetTableCell.h; sourceTree = "<group>"; };
		0D0B8C6B1CCF1CC900DB61D0 /* AssetTableCell.m */ = {isa = PBXFileReference; fileEncoding = 4; lastKnownFileType = sourcecode.c.objc; path = AssetTableCell.m; sourceTree = "<group>"; };
		0D0B8C6C1CCF1CC900DB61D0 /* AssetTableCell.xib */ = {isa = PBXFileReference; fileEncoding = 4; lastKnownFileType = file.xib; path = AssetTableCell.xib; sourceTree = "<group>"; };
		0D0B8C6F1CCF3C2D00DB61D0 /* ImagePickerVC.h */ = {isa = PBXFileReference; fileEncoding = 4; lastKnownFileType = sourcecode.c.h; path = ImagePickerVC.h; sourceTree = "<group>"; };
		0D0B8C701CCF3C2D00DB61D0 /* ImagePickerVC.m */ = {isa = PBXFileReference; fileEncoding = 4; lastKnownFileType = sourcecode.c.objc; path = ImagePickerVC.m; sourceTree = "<group>"; };
		0D0B8C721CCF6D7C00DB61D0 /* DiyCollectionView.h */ = {isa = PBXFileReference; fileEncoding = 4; lastKnownFileType = sourcecode.c.h; path = DiyCollectionView.h; sourceTree = "<group>"; };
		0D0B8C731CCF6D7C00DB61D0 /* DiyCollectionView.m */ = {isa = PBXFileReference; fileEncoding = 4; lastKnownFileType = sourcecode.c.objc; path = DiyCollectionView.m; sourceTree = "<group>"; };
		0D1C55F21CD3645D00165E81 /* UIImage+Handler.h */ = {isa = PBXFileReference; fileEncoding = 4; lastKnownFileType = sourcecode.c.h; path = "UIImage+Handler.h"; sourceTree = "<group>"; };
		0D1C55F31CD3645D00165E81 /* UIImage+Handler.m */ = {isa = PBXFileReference; fileEncoding = 4; lastKnownFileType = sourcecode.c.objc; path = "UIImage+Handler.m"; sourceTree = "<group>"; };
		0D2912D81CC47BD7005EF62A /* APageTextLabel.h */ = {isa = PBXFileReference; fileEncoding = 4; lastKnownFileType = sourcecode.c.h; path = APageTextLabel.h; sourceTree = "<group>"; };
		0D2912D91CC47BD7005EF62A /* APageTextLabel.m */ = {isa = PBXFileReference; fileEncoding = 4; lastKnownFileType = sourcecode.c.objc; path = APageTextLabel.m; sourceTree = "<group>"; };
		0D3C0F921CA3E2020063F5CB /* PersonalInfoVC.h */ = {isa = PBXFileReference; fileEncoding = 4; lastKnownFileType = sourcecode.c.h; path = PersonalInfoVC.h; sourceTree = "<group>"; };
		0D3C0F931CA3E2020063F5CB /* PersonalInfoVC.m */ = {isa = PBXFileReference; fileEncoding = 4; lastKnownFileType = sourcecode.c.objc; path = PersonalInfoVC.m; sourceTree = "<group>"; };
		0D4B3EBE1CCDCF880052B22D /* DiyAddPageView.h */ = {isa = PBXFileReference; fileEncoding = 4; lastKnownFileType = sourcecode.c.h; path = DiyAddPageView.h; sourceTree = "<group>"; };
		0D4B3EBF1CCDCF880052B22D /* DiyAddPageView.m */ = {isa = PBXFileReference; fileEncoding = 4; lastKnownFileType = sourcecode.c.objc; path = DiyAddPageView.m; sourceTree = "<group>"; };
		0D4B3EC11CCDFC490052B22D /* CropImageViewController.h */ = {isa = PBXFileReference; fileEncoding = 4; lastKnownFileType = sourcecode.c.h; path = CropImageViewController.h; sourceTree = "<group>"; };
		0D4B3EC21CCDFC490052B22D /* CropImageViewController.m */ = {isa = PBXFileReference; fileEncoding = 4; lastKnownFileType = sourcecode.c.objc; path = CropImageViewController.m; sourceTree = "<group>"; };
		0D4B3EC31CCDFC490052B22D /* CropImageViewController.xib */ = {isa = PBXFileReference; fileEncoding = 4; lastKnownFileType = file.xib; path = CropImageViewController.xib; sourceTree = "<group>"; };
		0D4B3EC61CCE17340052B22D /* SelectImageVC.h */ = {isa = PBXFileReference; fileEncoding = 4; lastKnownFileType = sourcecode.c.h; path = SelectImageVC.h; sourceTree = "<group>"; };
		0D4B3EC71CCE17340052B22D /* SelectImageVC.m */ = {isa = PBXFileReference; fileEncoding = 4; lastKnownFileType = sourcecode.c.objc; path = SelectImageVC.m; sourceTree = "<group>"; };
		0D5D7B721CA0FF22002E1D3F /* UserInfoItem.h */ = {isa = PBXFileReference; fileEncoding = 4; lastKnownFileType = sourcecode.c.h; path = UserInfoItem.h; sourceTree = "<group>"; };
		0D5D7B731CA0FF22002E1D3F /* UserInfoItem.m */ = {isa = PBXFileReference; fileEncoding = 4; lastKnownFileType = sourcecode.c.objc; path = UserInfoItem.m; sourceTree = "<group>"; };
		0D5D7B751CA1481D002E1D3F /* LoginVC.h */ = {isa = PBXFileReference; fileEncoding = 4; lastKnownFileType = sourcecode.c.h; path = LoginVC.h; sourceTree = "<group>"; };
		0D5D7B761CA1481D002E1D3F /* LoginVC.m */ = {isa = PBXFileReference; fileEncoding = 4; lastKnownFileType = sourcecode.c.objc; path = LoginVC.m; sourceTree = "<group>"; };
		0D630BA91C9A59F80063AC7E /* QTAPIConfig.h */ = {isa = PBXFileReference; lastKnownFileType = sourcecode.c.h; path = QTAPIConfig.h; sourceTree = "<group>"; };
		0D630BAA1C9A5A110063AC7E /* QTAPI.h */ = {isa = PBXFileReference; lastKnownFileType = sourcecode.c.h; path = QTAPI.h; sourceTree = "<group>"; };
		0D630BB11C9A5E340063AC7E /* QTAPIClient.h */ = {isa = PBXFileReference; fileEncoding = 4; lastKnownFileType = sourcecode.c.h; path = QTAPIClient.h; sourceTree = "<group>"; };
		0D630BB21C9A5E340063AC7E /* QTAPIClient.m */ = {isa = PBXFileReference; fileEncoding = 4; lastKnownFileType = sourcecode.c.objc; path = QTAPIClient.m; sourceTree = "<group>"; };
		0D630BB41C9A93E40063AC7E /* PrefixHeader.pch */ = {isa = PBXFileReference; lastKnownFileType = sourcecode.c.h; path = PrefixHeader.pch; sourceTree = "<group>"; };
		0D630BB61C9A96600063AC7E /* BaseViewController.h */ = {isa = PBXFileReference; fileEncoding = 4; lastKnownFileType = sourcecode.c.h; path = BaseViewController.h; sourceTree = "<group>"; };
		0D630BB71C9A96600063AC7E /* BaseViewController.m */ = {isa = PBXFileReference; fileEncoding = 4; lastKnownFileType = sourcecode.c.objc; path = BaseViewController.m; sourceTree = "<group>"; };
		0D630BB91C9A96CC0063AC7E /* AppMacro.h */ = {isa = PBXFileReference; lastKnownFileType = sourcecode.c.h; path = AppMacro.h; sourceTree = "<group>"; };
		0D630BBA1C9A9CF00063AC7E /* AppStyle.h */ = {isa = PBXFileReference; lastKnownFileType = sourcecode.c.h; path = AppStyle.h; sourceTree = "<group>"; };
		0D630BBC1C9A9D9B0063AC7E /* MyAlertView.h */ = {isa = PBXFileReference; fileEncoding = 4; lastKnownFileType = sourcecode.c.h; path = MyAlertView.h; sourceTree = "<group>"; };
		0D630BBD1C9A9D9B0063AC7E /* MyAlertView.m */ = {isa = PBXFileReference; fileEncoding = 4; lastKnownFileType = sourcecode.c.objc; path = MyAlertView.m; sourceTree = "<group>"; };
		0D6BC6051CAB7F9D0027B5A6 /* BuyTemplateContentVC.h */ = {isa = PBXFileReference; fileEncoding = 4; lastKnownFileType = sourcecode.c.h; path = BuyTemplateContentVC.h; sourceTree = "<group>"; };
		0D6BC6061CAB7F9D0027B5A6 /* BuyTemplateContentVC.m */ = {isa = PBXFileReference; fileEncoding = 4; lastKnownFileType = sourcecode.c.objc; path = BuyTemplateContentVC.m; sourceTree = "<group>"; };
		0D6BC6081CABC2FB0027B5A6 /* TemplatePreviewVC.h */ = {isa = PBXFileReference; fileEncoding = 4; lastKnownFileType = sourcecode.c.h; path = TemplatePreviewVC.h; sourceTree = "<group>"; };
		0D6BC6091CABC2FB0027B5A6 /* TemplatePreviewVC.m */ = {isa = PBXFileReference; fileEncoding = 4; lastKnownFileType = sourcecode.c.objc; path = TemplatePreviewVC.m; sourceTree = "<group>"; };
		0D7325711CB33F64008899BA /* DiyBottomBar.h */ = {isa = PBXFileReference; fileEncoding = 4; lastKnownFileType = sourcecode.c.h; path = DiyBottomBar.h; sourceTree = "<group>"; };
		0D7325721CB33F64008899BA /* DiyBottomBar.m */ = {isa = PBXFileReference; fileEncoding = 4; lastKnownFileType = sourcecode.c.objc; path = DiyBottomBar.m; sourceTree = "<group>"; };
		0D73257A1CB34A68008899BA /* BtnContentVSort.h */ = {isa = PBXFileReference; fileEncoding = 4; lastKnownFileType = sourcecode.c.h; path = BtnContentVSort.h; sourceTree = "<group>"; };
		0D73257B1CB34A68008899BA /* BtnContentVSort.m */ = {isa = PBXFileReference; fileEncoding = 4; lastKnownFileType = sourcecode.c.objc; path = BtnContentVSort.m; sourceTree = "<group>"; };
		0D7325801CB3947F008899BA /* DiyMainBottomBar.h */ = {isa = PBXFileReference; fileEncoding = 4; lastKnownFileType = sourcecode.c.h; path = DiyMainBottomBar.h; sourceTree = "<group>"; };
		0D7325811CB3947F008899BA /* DiyMainBottomBar.m */ = {isa = PBXFileReference; fileEncoding = 4; lastKnownFileType = sourcecode.c.objc; path = DiyMainBottomBar.m; sourceTree = "<group>"; };
		0D7325861CB39C1C008899BA /* DiyOnePageCell.h */ = {isa = PBXFileReference; fileEncoding = 4; lastKnownFileType = sourcecode.c.h; path = DiyOnePageCell.h; sourceTree = "<group>"; };
		0D7325871CB39C1C008899BA /* DiyOnePageCell.m */ = {isa = PBXFileReference; fileEncoding = 4; lastKnownFileType = sourcecode.c.objc; path = DiyOnePageCell.m; sourceTree = "<group>"; };
		0D7325891CB3BEAA008899BA /* data.json */ = {isa = PBXFileReference; fileEncoding = 4; lastKnownFileType = text.json; path = data.json; sourceTree = "<group>"; };
		0D76A1B11CD0BB0D007C2823 /* PhotoTweakView.h */ = {isa = PBXFileReference; fileEncoding = 4; lastKnownFileType = sourcecode.c.h; path = PhotoTweakView.h; sourceTree = "<group>"; };
		0D76A1B21CD0BB0D007C2823 /* PhotoTweakView.m */ = {isa = PBXFileReference; fileEncoding = 4; lastKnownFileType = sourcecode.c.objc; path = PhotoTweakView.m; sourceTree = "<group>"; };
		0D7D51F41CACBD310085E138 /* QTBuyMainDelegate.h */ = {isa = PBXFileReference; fileEncoding = 4; lastKnownFileType = sourcecode.c.h; path = QTBuyMainDelegate.h; sourceTree = "<group>"; };
		0D7D51F51CACD7D10085E138 /* TemplateItem.h */ = {isa = PBXFileReference; fileEncoding = 4; lastKnownFileType = sourcecode.c.h; path = TemplateItem.h; sourceTree = "<group>"; };
		0D7D51F61CACD7D10085E138 /* TemplateItem.m */ = {isa = PBXFileReference; fileEncoding = 4; lastKnownFileType = sourcecode.c.objc; path = TemplateItem.m; sourceTree = "<group>"; };
		0D7D51F81CACDA6F0085E138 /* DiyTemplateMainVC.h */ = {isa = PBXFileReference; fileEncoding = 4; lastKnownFileType = sourcecode.c.h; path = DiyTemplateMainVC.h; sourceTree = "<group>"; };
		0D7D51F91CACDA6F0085E138 /* DiyTemplateMainVC.m */ = {isa = PBXFileReference; fileEncoding = 4; lastKnownFileType = sourcecode.c.objc; path = DiyTemplateMainVC.m; sourceTree = "<group>"; };
		0D7D779D1CAE045500AF9E7D /* SelectBgColor.h */ = {isa = PBXFileReference; fileEncoding = 4; lastKnownFileType = sourcecode.c.h; path = SelectBgColor.h; sourceTree = "<group>"; };
		0D7D779E1CAE045500AF9E7D /* SelectBgColor.m */ = {isa = PBXFileReference; fileEncoding = 4; lastKnownFileType = sourcecode.c.objc; path = SelectBgColor.m; sourceTree = "<group>"; };
		0D7D77A01CAE049800AF9E7D /* CreatorComponentsDelegate.h */ = {isa = PBXFileReference; fileEncoding = 4; lastKnownFileType = sourcecode.c.h; path = CreatorComponentsDelegate.h; sourceTree = "<group>"; };
		0D7D77A61CAE6F9D00AF9E7D /* UIColor+Hex.h */ = {isa = PBXFileReference; fileEncoding = 4; lastKnownFileType = sourcecode.c.h; path = "UIColor+Hex.h"; sourceTree = "<group>"; };
		0D7D77A71CAE6F9D00AF9E7D /* UIColor+Hex.m */ = {isa = PBXFileReference; fileEncoding = 4; lastKnownFileType = sourcecode.c.objc; path = "UIColor+Hex.m"; sourceTree = "<group>"; };
		0D8490591CA8CA8700A28D94 /* StoreKit.framework */ = {isa = PBXFileReference; lastKnownFileType = wrapper.framework; name = StoreKit.framework; path = System/Library/Frameworks/StoreKit.framework; sourceTree = SDKROOT; };
		0D8490741CA8E91100A28D94 /* QTSlideBtnView.h */ = {isa = PBXFileReference; fileEncoding = 4; lastKnownFileType = sourcecode.c.h; path = QTSlideBtnView.h; sourceTree = "<group>"; };
		0D8490751CA8E91100A28D94 /* QTSlideBtnView.m */ = {isa = PBXFileReference; fileEncoding = 4; lastKnownFileType = sourcecode.c.objc; path = QTSlideBtnView.m; sourceTree = "<group>"; };
		0D84907A1CA9136100A28D94 /* QTBigScrollView.h */ = {isa = PBXFileReference; fileEncoding = 4; lastKnownFileType = sourcecode.c.h; path = QTBigScrollView.h; sourceTree = "<group>"; };
		0D84907B1CA9136100A28D94 /* QTBigScrollView.m */ = {isa = PBXFileReference; fileEncoding = 4; lastKnownFileType = sourcecode.c.objc; path = QTBigScrollView.m; sourceTree = "<group>"; };
		0D84907D1CA913D400A28D94 /* QTBuyMainView.h */ = {isa = PBXFileReference; fileEncoding = 4; lastKnownFileType = sourcecode.c.h; path = QTBuyMainView.h; sourceTree = "<group>"; };
		0D84907E1CA913D400A28D94 /* QTBuyMainView.m */ = {isa = PBXFileReference; fileEncoding = 4; lastKnownFileType = sourcecode.c.objc; path = QTBuyMainView.m; sourceTree = "<group>"; };
		0D8490801CA9200A00A28D94 /* BuyTemplateMainVC.h */ = {isa = PBXFileReference; fileEncoding = 4; lastKnownFileType = sourcecode.c.h; path = BuyTemplateMainVC.h; sourceTree = "<group>"; };
		0D8490811CA9200A00A28D94 /* BuyTemplateMainVC.m */ = {isa = PBXFileReference; fileEncoding = 4; lastKnownFileType = sourcecode.c.objc; path = BuyTemplateMainVC.m; sourceTree = "<group>"; };
		0D8490891CA92B6800A28D94 /* CreatorCollectionCell.h */ = {isa = PBXFileReference; fileEncoding = 4; lastKnownFileType = sourcecode.c.h; path = CreatorCollectionCell.h; sourceTree = "<group>"; };
		0D84908A1CA92B6800A28D94 /* CreatorCollectionCell.m */ = {isa = PBXFileReference; fileEncoding = 4; lastKnownFileType = sourcecode.c.objc; path = CreatorCollectionCell.m; sourceTree = "<group>"; };
		0D8572191CB785E200936F0D /* model.json */ = {isa = PBXFileReference; fileEncoding = 4; lastKnownFileType = text.json; path = model.json; sourceTree = "<group>"; };
		0D8764F31CA39EE70078E871 /* MyUtills.h */ = {isa = PBXFileReference; fileEncoding = 4; lastKnownFileType = sourcecode.c.h; path = MyUtills.h; sourceTree = "<group>"; };
		0D8764F41CA39EE70078E871 /* MyUtills.m */ = {isa = PBXFileReference; fileEncoding = 4; lastKnownFileType = sourcecode.c.objc; path = MyUtills.m; sourceTree = "<group>"; };
		0D8764F61CA3A21E0078E871 /* IdentifierValidator.h */ = {isa = PBXFileReference; fileEncoding = 4; lastKnownFileType = sourcecode.c.h; path = IdentifierValidator.h; sourceTree = "<group>"; };
		0D8764F71CA3A21E0078E871 /* IdentifierValidator.m */ = {isa = PBXFileReference; fileEncoding = 4; lastKnownFileType = sourcecode.c.objc; path = IdentifierValidator.m; sourceTree = "<group>"; };
		0D8764FA1CA3A2D00078E871 /* NSString+SSToolkitAdditions.h */ = {isa = PBXFileReference; fileEncoding = 4; lastKnownFileType = sourcecode.c.h; path = "NSString+SSToolkitAdditions.h"; sourceTree = "<group>"; };
		0D8764FB1CA3A2D00078E871 /* NSString+SSToolkitAdditions.m */ = {isa = PBXFileReference; fileEncoding = 4; lastKnownFileType = sourcecode.c.objc; path = "NSString+SSToolkitAdditions.m"; sourceTree = "<group>"; };
		0D8764FD1CA3A3410078E871 /* NSData+SSToolkitAdditions.h */ = {isa = PBXFileReference; fileEncoding = 4; lastKnownFileType = sourcecode.c.h; path = "NSData+SSToolkitAdditions.h"; sourceTree = "<group>"; };
		0D8764FE1CA3A3410078E871 /* NSData+SSToolkitAdditions.m */ = {isa = PBXFileReference; fileEncoding = 4; lastKnownFileType = sourcecode.c.objc; path = "NSData+SSToolkitAdditions.m"; sourceTree = "<group>"; };
		0D8899FB1CA4D0E1003F6B29 /* ArrayDataSource.h */ = {isa = PBXFileReference; fileEncoding = 4; lastKnownFileType = sourcecode.c.h; path = ArrayDataSource.h; sourceTree = "<group>"; };
		0D8899FC1CA4D0E1003F6B29 /* ArrayDataSource.m */ = {isa = PBXFileReference; fileEncoding = 4; lastKnownFileType = sourcecode.c.objc; path = ArrayDataSource.m; sourceTree = "<group>"; };
		0D8A6A291CA2367F00C65EF0 /* MyTextField.h */ = {isa = PBXFileReference; fileEncoding = 4; lastKnownFileType = sourcecode.c.h; path = MyTextField.h; sourceTree = "<group>"; };
		0D8A6A2A1CA2367F00C65EF0 /* MyTextField.m */ = {isa = PBXFileReference; fileEncoding = 4; lastKnownFileType = sourcecode.c.objc; path = MyTextField.m; sourceTree = "<group>"; };
		0D8A6A2C1CA27BA600C65EF0 /* SettingsVC.h */ = {isa = PBXFileReference; fileEncoding = 4; lastKnownFileType = sourcecode.c.h; path = SettingsVC.h; sourceTree = "<group>"; };
		0D8A6A2D1CA27BA600C65EF0 /* SettingsVC.m */ = {isa = PBXFileReference; fileEncoding = 4; lastKnownFileType = sourcecode.c.objc; path = SettingsVC.m; sourceTree = "<group>"; };
		0D97ABD51CA6661200099DF7 /* CreatorMainVC.h */ = {isa = PBXFileReference; fileEncoding = 4; lastKnownFileType = sourcecode.c.h; path = CreatorMainVC.h; sourceTree = "<group>"; };
		0D97ABD61CA6661200099DF7 /* CreatorMainVC.m */ = {isa = PBXFileReference; fileEncoding = 4; lastKnownFileType = sourcecode.c.objc; path = CreatorMainVC.m; sourceTree = "<group>"; };
		0D9C9DAE1C97E62400652830 /* qitu.app */ = {isa = PBXFileReference; explicitFileType = wrapper.application; includeInIndex = 0; path = qitu.app; sourceTree = BUILT_PRODUCTS_DIR; };
		0D9C9DB21C97E62400652830 /* main.m */ = {isa = PBXFileReference; lastKnownFileType = sourcecode.c.objc; path = main.m; sourceTree = "<group>"; };
		0D9C9DB41C97E62400652830 /* AppDelegate.h */ = {isa = PBXFileReference; lastKnownFileType = sourcecode.c.h; path = AppDelegate.h; sourceTree = "<group>"; };
		0D9C9DB51C97E62400652830 /* AppDelegate.m */ = {isa = PBXFileReference; lastKnownFileType = sourcecode.c.objc; path = AppDelegate.m; sourceTree = "<group>"; };
		0D9C9DBD1C97E62400652830 /* Assets.xcassets */ = {isa = PBXFileReference; lastKnownFileType = folder.assetcatalog; path = Assets.xcassets; sourceTree = "<group>"; };
		0D9C9DC01C97E62400652830 /* Base */ = {isa = PBXFileReference; lastKnownFileType = file.storyboard; name = Base; path = Base.lproj/LaunchScreen.storyboard; sourceTree = "<group>"; };
		0D9C9DC21C97E62400652830 /* Info.plist */ = {isa = PBXFileReference; lastKnownFileType = text.plist.xml; path = Info.plist; sourceTree = "<group>"; };
		0D9C9DC71C97E62400652830 /* qituTests.xctest */ = {isa = PBXFileReference; explicitFileType = wrapper.cfbundle; includeInIndex = 0; path = qituTests.xctest; sourceTree = BUILT_PRODUCTS_DIR; };
		0D9C9DCB1C97E62400652830 /* qituTests.m */ = {isa = PBXFileReference; lastKnownFileType = sourcecode.c.objc; path = qituTests.m; sourceTree = "<group>"; };
		0D9C9DCD1C97E62400652830 /* Info.plist */ = {isa = PBXFileReference; lastKnownFileType = text.plist.xml; path = Info.plist; sourceTree = "<group>"; };
		0D9C9DD21C97E62400652830 /* qituUITests.xctest */ = {isa = PBXFileReference; explicitFileType = wrapper.cfbundle; includeInIndex = 0; path = qituUITests.xctest; sourceTree = BUILT_PRODUCTS_DIR; };
		0D9C9DD61C97E62400652830 /* qituUITests.m */ = {isa = PBXFileReference; lastKnownFileType = sourcecode.c.objc; path = qituUITests.m; sourceTree = "<group>"; };
		0D9C9DD81C97E62400652830 /* Info.plist */ = {isa = PBXFileReference; lastKnownFileType = text.plist.xml; path = Info.plist; sourceTree = "<group>"; };
		0DA3C6211CC7784200E1F279 /* DiyRelatedEnum.h */ = {isa = PBXFileReference; lastKnownFileType = sourcecode.c.h; path = DiyRelatedEnum.h; sourceTree = "<group>"; };
		0DA937611C9BD715000DC170 /* MyEventCell.h */ = {isa = PBXFileReference; fileEncoding = 4; lastKnownFileType = sourcecode.c.h; path = MyEventCell.h; sourceTree = "<group>"; };
		0DA937621C9BD715000DC170 /* MyEventCell.m */ = {isa = PBXFileReference; fileEncoding = 4; lastKnownFileType = sourcecode.c.objc; path = MyEventCell.m; sourceTree = "<group>"; };
		0DA937641C9BF0EA000DC170 /* HomeViewController.h */ = {isa = PBXFileReference; fileEncoding = 4; lastKnownFileType = sourcecode.c.h; path = HomeViewController.h; sourceTree = "<group>"; };
		0DA937651C9BF0EA000DC170 /* HomeViewController.m */ = {isa = PBXFileReference; fileEncoding = 4; lastKnownFileType = sourcecode.c.objc; path = HomeViewController.m; sourceTree = "<group>"; };
		0DA937671C9BF162000DC170 /* MyEvent.storyboard */ = {isa = PBXFileReference; fileEncoding = 4; lastKnownFileType = file.storyboard; path = MyEvent.storyboard; sourceTree = "<group>"; };
		0DA937691C9BF17D000DC170 /* Creator.storyboard */ = {isa = PBXFileReference; fileEncoding = 4; lastKnownFileType = file.storyboard; path = Creator.storyboard; sourceTree = "<group>"; };
		0DA9376B1C9BF19A000DC170 /* PublicEvent.storyboard */ = {isa = PBXFileReference; fileEncoding = 4; lastKnownFileType = file.storyboard; path = PublicEvent.storyboard; sourceTree = "<group>"; };
		0DA937701C9BF576000DC170 /* PublicEventVC.h */ = {isa = PBXFileReference; fileEncoding = 4; lastKnownFileType = sourcecode.c.h; path = PublicEventVC.h; sourceTree = "<group>"; };
		0DA937711C9BF576000DC170 /* PublicEventVC.m */ = {isa = PBXFileReference; fileEncoding = 4; lastKnownFileType = sourcecode.c.objc; path = PublicEventVC.m; sourceTree = "<group>"; };
		0DAED5B31CAA140A00D0BEA5 /* StoreTemplateItem.h */ = {isa = PBXFileReference; fileEncoding = 4; lastKnownFileType = sourcecode.c.h; path = StoreTemplateItem.h; sourceTree = "<group>"; };
		0DAED5B41CAA140A00D0BEA5 /* StoreTemplateItem.m */ = {isa = PBXFileReference; fileEncoding = 4; lastKnownFileType = sourcecode.c.objc; path = StoreTemplateItem.m; sourceTree = "<group>"; };
		0DAED5B61CAA14E600D0BEA5 /* CategoryItem.h */ = {isa = PBXFileReference; fileEncoding = 4; lastKnownFileType = sourcecode.c.h; path = CategoryItem.h; sourceTree = "<group>"; };
		0DAED5B71CAA14E600D0BEA5 /* CategoryItem.m */ = {isa = PBXFileReference; fileEncoding = 4; lastKnownFileType = sourcecode.c.objc; path = CategoryItem.m; sourceTree = "<group>"; };
		0DAED5B91CAA247100D0BEA5 /* StoreTemplateCell.h */ = {isa = PBXFileReference; fileEncoding = 4; lastKnownFileType = sourcecode.c.h; path = StoreTemplateCell.h; sourceTree = "<group>"; };
		0DAED5BA1CAA247100D0BEA5 /* StoreTemplateCell.m */ = {isa = PBXFileReference; fileEncoding = 4; lastKnownFileType = sourcecode.c.objc; path = StoreTemplateCell.m; sourceTree = "<group>"; };
		0DCE80A31CB5F2B30003ADB1 /* APageImgItem.h */ = {isa = PBXFileReference; fileEncoding = 4; lastKnownFileType = sourcecode.c.h; path = APageImgItem.h; sourceTree = "<group>"; };
		0DCE80A41CB5F2B30003ADB1 /* APageImgItem.m */ = {isa = PBXFileReference; fileEncoding = 4; lastKnownFileType = sourcecode.c.objc; path = APageImgItem.m; sourceTree = "<group>"; };
		0DCE80A71CB5F2E60003ADB1 /* APageTextItem.h */ = {isa = PBXFileReference; fileEncoding = 4; lastKnownFileType = sourcecode.c.h; path = APageTextItem.h; sourceTree = "<group>"; };
		0DCE80A81CB5F2E60003ADB1 /* APageTextItem.m */ = {isa = PBXFileReference; fileEncoding = 4; lastKnownFileType = sourcecode.c.objc; path = APageTextItem.m; sourceTree = "<group>"; };
		0DCE80AA1CB5F2FD0003ADB1 /* DiyAPageItem.h */ = {isa = PBXFileReference; fileEncoding = 4; lastKnownFileType = sourcecode.c.h; path = DiyAPageItem.h; sourceTree = "<group>"; };
		0DCE80AB1CB5F2FD0003ADB1 /* DiyAPageItem.m */ = {isa = PBXFileReference; fileEncoding = 4; lastKnownFileType = sourcecode.c.objc; path = DiyAPageItem.m; sourceTree = "<group>"; };
		0DD2D0621CA5309700F2EF62 /* UserDetailItem.h */ = {isa = PBXFileReference; fileEncoding = 4; lastKnownFileType = sourcecode.c.h; path = UserDetailItem.h; sourceTree = "<group>"; };
		0DD2D0631CA5309700F2EF62 /* UserDetailItem.m */ = {isa = PBXFileReference; fileEncoding = 4; lastKnownFileType = sourcecode.c.objc; path = UserDetailItem.m; sourceTree = "<group>"; };
		0DD2D0651CA534FC00F2EF62 /* PersonalInfoCell.h */ = {isa = PBXFileReference; fileEncoding = 4; lastKnownFileType = sourcecode.c.h; path = PersonalInfoCell.h; sourceTree = "<group>"; };
		0DD2D0661CA534FC00F2EF62 /* PersonalInfoCell.m */ = {isa = PBXFileReference; fileEncoding = 4; lastKnownFileType = sourcecode.c.objc; path = PersonalInfoCell.m; sourceTree = "<group>"; };
		0DD6092C1CC5CE6F002AB7DE /* 001.jpg */ = {isa = PBXFileReference; lastKnownFileType = image.jpeg; path = 001.jpg; sourceTree = "<group>"; };
		0DD6092D1CC5CE6F002AB7DE /* 002.jpg */ = {isa = PBXFileReference; lastKnownFileType = image.jpeg; path = 002.jpg; sourceTree = "<group>"; };
		0DD6092F1CC5CE6F002AB7DE /* 004.jpg */ = {isa = PBXFileReference; lastKnownFileType = image.jpeg; path = 004.jpg; sourceTree = "<group>"; };
		0DE33A041CC858BE00E5D229 /* APageImgView.h */ = {isa = PBXFileReference; fileEncoding = 4; lastKnownFileType = sourcecode.c.h; path = APageImgView.h; sourceTree = "<group>"; };
		0DE33A051CC858BE00E5D229 /* APageImgView.m */ = {isa = PBXFileReference; fileEncoding = 4; lastKnownFileType = sourcecode.c.objc; path = APageImgView.m; sourceTree = "<group>"; };
		0DE33A071CC8754700E5D229 /* 003@2x.png */ = {isa = PBXFileReference; lastKnownFileType = image.png; path = "003@2x.png"; sourceTree = "<group>"; };
		0DE3DD321CDB2067002612D6 /* DiyTextContentView.h */ = {isa = PBXFileReference; fileEncoding = 4; lastKnownFileType = sourcecode.c.h; path = DiyTextContentView.h; sourceTree = "<group>"; };
		0DE3DD331CDB2067002612D6 /* DiyTextContentView.m */ = {isa = PBXFileReference; fileEncoding = 4; lastKnownFileType = sourcecode.c.objc; path = DiyTextContentView.m; sourceTree = "<group>"; };
		0DE7E4401CC9FDFE00DBC02A /* DiyShowDelgate.h */ = {isa = PBXFileReference; fileEncoding = 4; lastKnownFileType = sourcecode.c.h; path = DiyShowDelgate.h; sourceTree = "<group>"; };
		0DFD5C0E1CD98A930047A3E6 /* DiyPageSortBottomBar.h */ = {isa = PBXFileReference; fileEncoding = 4; lastKnownFileType = sourcecode.c.h; path = DiyPageSortBottomBar.h; sourceTree = "<group>"; };
		0DFD5C0F1CD98A930047A3E6 /* DiyPageSortBottomBar.m */ = {isa = PBXFileReference; fileEncoding = 4; lastKnownFileType = sourcecode.c.objc; path = DiyPageSortBottomBar.m; sourceTree = "<group>"; };
		0DFD5C111CD99C190047A3E6 /* Intro_2@2x.png */ = {isa = PBXFileReference; lastKnownFileType = image.png; path = "Intro_2@2x.png"; sourceTree = "<group>"; };
		4B1010901B633EC246E9A2FA /* Pods-qitu.release.xcconfig */ = {isa = PBXFileReference; includeInIndex = 1; lastKnownFileType = text.xcconfig; name = "Pods-qitu.release.xcconfig"; path = "Pods/Target Support Files/Pods-qitu/Pods-qitu.release.xcconfig"; sourceTree = "<group>"; };
		5D181B34881D259D5238DA90 /* Pods_qitu.framework */ = {isa = PBXFileReference; explicitFileType = wrapper.framework; includeInIndex = 0; path = Pods_qitu.framework; sourceTree = BUILT_PRODUCTS_DIR; };
		F7D5D376C15FCBA44FD5EF4A /* Pods-qitu.debug.xcconfig */ = {isa = PBXFileReference; includeInIndex = 1; lastKnownFileType = text.xcconfig; name = "Pods-qitu.debug.xcconfig"; path = "Pods/Target Support Files/Pods-qitu/Pods-qitu.debug.xcconfig"; sourceTree = "<group>"; };
/* End PBXFileReference section */

/* Begin PBXFrameworksBuildPhase section */
		0D9C9DAB1C97E62400652830 /* Frameworks */ = {
			isa = PBXFrameworksBuildPhase;
			buildActionMask = 2147483647;
			files = (
				6B09B59704F3633ECD5D669F /* Pods_qitu.framework in Frameworks */,
				0D84905A1CA8CA8700A28D94 /* StoreKit.framework in Frameworks */,
			);
			runOnlyForDeploymentPostprocessing = 0;
		};
		0D9C9DC41C97E62400652830 /* Frameworks */ = {
			isa = PBXFrameworksBuildPhase;
			buildActionMask = 2147483647;
			files = (
			);
			runOnlyForDeploymentPostprocessing = 0;
		};
		0D9C9DCF1C97E62400652830 /* Frameworks */ = {
			isa = PBXFrameworksBuildPhase;
			buildActionMask = 2147483647;
			files = (
			);
			runOnlyForDeploymentPostprocessing = 0;
		};
/* End PBXFrameworksBuildPhase section */

/* Begin PBXGroup section */
		02CCD91562BB1A13DCA9155F /* Frameworks */ = {
			isa = PBXGroup;
			children = (
				0D8490591CA8CA8700A28D94 /* StoreKit.framework */,
				5D181B34881D259D5238DA90 /* Pods_qitu.framework */,
			);
			name = Frameworks;
			sourceTree = "<group>";
		};
		0D2912D11CC467BA005EF62A /* APageView */ = {
			isa = PBXGroup;
			children = (
				0DE33A041CC858BE00E5D229 /* APageImgView.h */,
				0DE33A051CC858BE00E5D229 /* APageImgView.m */,
				0D2912D81CC47BD7005EF62A /* APageTextLabel.h */,
				0D2912D91CC47BD7005EF62A /* APageTextLabel.m */,
			);
			name = APageView;
			sourceTree = "<group>";
		};
		0D3C0F951CA3EAEC0063F5CB /* DataModel */ = {
			isa = PBXGroup;
			children = (
				0DCE80A61CB5F2BB0003ADB1 /* DiyModel */,
				0D5D7B721CA0FF22002E1D3F /* UserInfoItem.h */,
				0D5D7B731CA0FF22002E1D3F /* UserInfoItem.m */,
				0DD2D0621CA5309700F2EF62 /* UserDetailItem.h */,
				0DD2D0631CA5309700F2EF62 /* UserDetailItem.m */,
				0DAED5B31CAA140A00D0BEA5 /* StoreTemplateItem.h */,
				0DAED5B41CAA140A00D0BEA5 /* StoreTemplateItem.m */,
				0DAED5B61CAA14E600D0BEA5 /* CategoryItem.h */,
				0DAED5B71CAA14E600D0BEA5 /* CategoryItem.m */,
				0D7D51F51CACD7D10085E138 /* TemplateItem.h */,
				0D7D51F61CACD7D10085E138 /* TemplateItem.m */,
			);
			name = DataModel;
			sourceTree = "<group>";
		};
		0D630B981C9A3D290063AC7E /* External */ = {
			isa = PBXGroup;
			children = (
			);
			name = External;
			sourceTree = "<group>";
		};
		0D630B991C9A3D4A0063AC7E /* Resources */ = {
			isa = PBXGroup;
			children = (
				0DFD5C111CD99C190047A3E6 /* Intro_2@2x.png */,
				0DD6092C1CC5CE6F002AB7DE /* 001.jpg */,
				0DD6092D1CC5CE6F002AB7DE /* 002.jpg */,
				0DE33A071CC8754700E5D229 /* 003@2x.png */,
				0DD6092F1CC5CE6F002AB7DE /* 004.jpg */,
				0D8572191CB785E200936F0D /* model.json */,
				0D7325891CB3BEAA008899BA /* data.json */,
			);
			name = Resources;
			sourceTree = "<group>";
		};
		0D630B9A1C9A3D5C0063AC7E /* PL */ = {
			isa = PBXGroup;
			children = (
				0D8490831CA9267100A28D94 /* Creator */,
				0DA937671C9BF162000DC170 /* MyEvent.storyboard */,
				0DA937691C9BF17D000DC170 /* Creator.storyboard */,
				0DA9376B1C9BF19A000DC170 /* PublicEvent.storyboard */,
			);
			name = PL;
			sourceTree = "<group>";
		};
		0D630B9B1C9A3E230063AC7E /* BLL */ = {
			isa = PBXGroup;
			children = (
				0DA937641C9BF0EA000DC170 /* HomeViewController.h */,
				0DA937651C9BF0EA000DC170 /* HomeViewController.m */,
				0D630BA81C9A40590063AC7E /* Creator */,
				0D630BA71C9A404D0063AC7E /* MyEvent */,
				0D630BA61C9A403E0063AC7E /* PublicEvent */,
				0D630BA51C9A402F0063AC7E /* User */,
				0D630BA41C9A40250063AC7E /* Settings */,
				0D630BA31C9A40170063AC7E /* Share */,
				0D630BA21C9A3ED60063AC7E /* Common */,
			);
			name = BLL;
			sourceTree = "<group>";
		};
		0D630B9C1C9A3E2C0063AC7E /* DAL */ = {
			isa = PBXGroup;
			children = (
				0D3C0F951CA3EAEC0063F5CB /* DataModel */,
				0D630BA01C9A3EB90063AC7E /* API */,
				0D630BA11C9A3EC30063AC7E /* Store */,
			);
			name = DAL;
			sourceTree = "<group>";
		};
		0D630B9D1C9A3E3B0063AC7E /* Infrastructure */ = {
			isa = PBXGroup;
			children = (
				0D8764F91CA3A2890078E871 /* Category */,
				0D630BB61C9A96600063AC7E /* BaseViewController.h */,
				0D630BB71C9A96600063AC7E /* BaseViewController.m */,
				0D630BB91C9A96CC0063AC7E /* AppMacro.h */,
				0D630BBA1C9A9CF00063AC7E /* AppStyle.h */,
				0D8899FB1CA4D0E1003F6B29 /* ArrayDataSource.h */,
				0D8899FC1CA4D0E1003F6B29 /* ArrayDataSource.m */,
			);
			name = Infrastructure;
			sourceTree = "<group>";
		};
		0D630B9E1C9A3E4C0063AC7E /* Common */ = {
			isa = PBXGroup;
			children = (
				0D7325791CB34A22008899BA /* BtnContentVSort */,
				0D8764F21CA39EA90078E871 /* Util */,
				0D8A6A281CA2365E00C65EF0 /* MyTextField */,
				0D630BBB1C9A9D580063AC7E /* MyAlertView */,
			);
			name = Common;
			sourceTree = "<group>";
		};
		0D630B9F1C9A3E610063AC7E /* Qitu */ = {
			isa = PBXGroup;
			children = (
				0D630B9E1C9A3E4C0063AC7E /* Common */,
				0D630B9D1C9A3E3B0063AC7E /* Infrastructure */,
				0D630B9C1C9A3E2C0063AC7E /* DAL */,
				0D630B9B1C9A3E230063AC7E /* BLL */,
				0D630B9A1C9A3D5C0063AC7E /* PL */,
				0D630B991C9A3D4A0063AC7E /* Resources */,
			);
			name = Qitu;
			sourceTree = "<group>";
		};
		0D630BA01C9A3EB90063AC7E /* API */ = {
			isa = PBXGroup;
			children = (
				0D630BA91C9A59F80063AC7E /* QTAPIConfig.h */,
				0D630BAA1C9A5A110063AC7E /* QTAPI.h */,
				0D630BB11C9A5E340063AC7E /* QTAPIClient.h */,
				0D630BB21C9A5E340063AC7E /* QTAPIClient.m */,
			);
			name = API;
			sourceTree = "<group>";
		};
		0D630BA11C9A3EC30063AC7E /* Store */ = {
			isa = PBXGroup;
			children = (
			);
			name = Store;
			sourceTree = "<group>";
		};
		0D630BA21C9A3ED60063AC7E /* Common */ = {
			isa = PBXGroup;
			children = (
			);
			name = Common;
			sourceTree = "<group>";
		};
		0D630BA31C9A40170063AC7E /* Share */ = {
			isa = PBXGroup;
			children = (
			);
			name = Share;
			sourceTree = "<group>";
		};
		0D630BA41C9A40250063AC7E /* Settings */ = {
			isa = PBXGroup;
			children = (
				0D8A6A2C1CA27BA600C65EF0 /* SettingsVC.h */,
				0D8A6A2D1CA27BA600C65EF0 /* SettingsVC.m */,
				0D3C0F921CA3E2020063F5CB /* PersonalInfoVC.h */,
				0D3C0F931CA3E2020063F5CB /* PersonalInfoVC.m */,
				0DD2D0651CA534FC00F2EF62 /* PersonalInfoCell.h */,
				0DD2D0661CA534FC00F2EF62 /* PersonalInfoCell.m */,
			);
			name = Settings;
			sourceTree = "<group>";
		};
		0D630BA51C9A402F0063AC7E /* User */ = {
			isa = PBXGroup;
			children = (
				0D5D7B751CA1481D002E1D3F /* LoginVC.h */,
				0D5D7B761CA1481D002E1D3F /* LoginVC.m */,
			);
			name = User;
			sourceTree = "<group>";
		};
		0D630BA61C9A403E0063AC7E /* PublicEvent */ = {
			isa = PBXGroup;
			children = (
				0DA937701C9BF576000DC170 /* PublicEventVC.h */,
				0DA937711C9BF576000DC170 /* PublicEventVC.m */,
			);
			name = PublicEvent;
			sourceTree = "<group>";
		};
		0D630BA71C9A404D0063AC7E /* MyEvent */ = {
			isa = PBXGroup;
			children = (
				0D0398501C9F90DB00A65973 /* MyEventVC.h */,
				0D0398511C9F90DB00A65973 /* MyEventVC.m */,
				0DA937611C9BD715000DC170 /* MyEventCell.h */,
				0DA937621C9BD715000DC170 /* MyEventCell.m */,
			);
			name = MyEvent;
			sourceTree = "<group>";
		};
		0D630BA81C9A40590063AC7E /* Creator */ = {
			isa = PBXGroup;
			children = (
				0D97ABD51CA6661200099DF7 /* CreatorMainVC.h */,
				0D97ABD61CA6661200099DF7 /* CreatorMainVC.m */,
				0D8490801CA9200A00A28D94 /* BuyTemplateMainVC.h */,
				0D8490811CA9200A00A28D94 /* BuyTemplateMainVC.m */,
				0D6BC6051CAB7F9D0027B5A6 /* BuyTemplateContentVC.h */,
				0D6BC6061CAB7F9D0027B5A6 /* BuyTemplateContentVC.m */,
				0D6BC6081CABC2FB0027B5A6 /* TemplatePreviewVC.h */,
				0D6BC6091CABC2FB0027B5A6 /* TemplatePreviewVC.m */,
				0D7D51F81CACDA6F0085E138 /* DiyTemplateMainVC.h */,
				0D7D51F91CACDA6F0085E138 /* DiyTemplateMainVC.m */,
				0D7325861CB39C1C008899BA /* DiyOnePageCell.h */,
				0D7325871CB39C1C008899BA /* DiyOnePageCell.m */,
				0D4B3EC61CCE17340052B22D /* SelectImageVC.h */,
				0D4B3EC71CCE17340052B22D /* SelectImageVC.m */,
				0D0B8C6F1CCF3C2D00DB61D0 /* ImagePickerVC.h */,
				0D0B8C701CCF3C2D00DB61D0 /* ImagePickerVC.m */,
				0D0B8C6A1CCF1CC900DB61D0 /* AssetTableCell.h */,
				0D0B8C6B1CCF1CC900DB61D0 /* AssetTableCell.m */,
				0D0B8C6C1CCF1CC900DB61D0 /* AssetTableCell.xib */,
				0D0B8C651CCF171B00DB61D0 /* AssetCell.h */,
				0D0B8C661CCF171B00DB61D0 /* AssetCell.m */,
				0D0B8C671CCF171B00DB61D0 /* AssetCell.xib */,
				0D4B3EC11CCDFC490052B22D /* CropImageViewController.h */,
				0D4B3EC21CCDFC490052B22D /* CropImageViewController.m */,
				0D4B3EC31CCDFC490052B22D /* CropImageViewController.xib */,
			);
			name = Creator;
			sourceTree = "<group>";
		};
		0D630BBB1C9A9D580063AC7E /* MyAlertView */ = {
			isa = PBXGroup;
			children = (
				0D630BBC1C9A9D9B0063AC7E /* MyAlertView.h */,
				0D630BBD1C9A9D9B0063AC7E /* MyAlertView.m */,
			);
			name = MyAlertView;
			sourceTree = "<group>";
		};
		0D7325791CB34A22008899BA /* BtnContentVSort */ = {
			isa = PBXGroup;
			children = (
				0D73257A1CB34A68008899BA /* BtnContentVSort.h */,
				0D73257B1CB34A68008899BA /* BtnContentVSort.m */,
			);
			name = BtnContentVSort;
			sourceTree = "<group>";
		};
		0D7D779C1CAE040900AF9E7D /* Components */ = {
			isa = PBXGroup;
			children = (
				0D7D779D1CAE045500AF9E7D /* SelectBgColor.h */,
				0D7D779E1CAE045500AF9E7D /* SelectBgColor.m */,
				0D7D77A01CAE049800AF9E7D /* CreatorComponentsDelegate.h */,
				0D76A1B11CD0BB0D007C2823 /* PhotoTweakView.h */,
				0D76A1B21CD0BB0D007C2823 /* PhotoTweakView.m */,
				0D1C55F21CD3645D00165E81 /* UIImage+Handler.h */,
				0D1C55F31CD3645D00165E81 /* UIImage+Handler.m */,
			);
			name = Components;
			sourceTree = "<group>";
		};
		0D84905B1CA8CB0500A28D94 /* BuyTemplate */ = {
			isa = PBXGroup;
			children = (
				0D8490741CA8E91100A28D94 /* QTSlideBtnView.h */,
				0D8490751CA8E91100A28D94 /* QTSlideBtnView.m */,
				0D84907A1CA9136100A28D94 /* QTBigScrollView.h */,
				0D84907B1CA9136100A28D94 /* QTBigScrollView.m */,
				0D84907D1CA913D400A28D94 /* QTBuyMainView.h */,
				0D84907E1CA913D400A28D94 /* QTBuyMainView.m */,
				0D7D51F41CACBD310085E138 /* QTBuyMainDelegate.h */,
			);
			name = BuyTemplate;
			sourceTree = "<group>";
		};
		0D8490831CA9267100A28D94 /* Creator */ = {
			isa = PBXGroup;
			children = (
				0DD6093D1CC5E9C9002AB7DE /* DiyTemplate */,
				0D2912D11CC467BA005EF62A /* APageView */,
				0D7D779C1CAE040900AF9E7D /* Components */,
				0D84905B1CA8CB0500A28D94 /* BuyTemplate */,
				0D8490891CA92B6800A28D94 /* CreatorCollectionCell.h */,
				0D84908A1CA92B6800A28D94 /* CreatorCollectionCell.m */,
				0DAED5B91CAA247100D0BEA5 /* StoreTemplateCell.h */,
				0DAED5BA1CAA247100D0BEA5 /* StoreTemplateCell.m */,
			);
			name = Creator;
			sourceTree = "<group>";
		};
		0D8764F21CA39EA90078E871 /* Util */ = {
			isa = PBXGroup;
			children = (
				0D8764F31CA39EE70078E871 /* MyUtills.h */,
				0D8764F41CA39EE70078E871 /* MyUtills.m */,
				0D8764F61CA3A21E0078E871 /* IdentifierValidator.h */,
				0D8764F71CA3A21E0078E871 /* IdentifierValidator.m */,
			);
			name = Util;
			sourceTree = "<group>";
		};
		0D8764F91CA3A2890078E871 /* Category */ = {
			isa = PBXGroup;
			children = (
				0D8764FA1CA3A2D00078E871 /* NSString+SSToolkitAdditions.h */,
				0D8764FB1CA3A2D00078E871 /* NSString+SSToolkitAdditions.m */,
				0D8764FD1CA3A3410078E871 /* NSData+SSToolkitAdditions.h */,
				0D8764FE1CA3A3410078E871 /* NSData+SSToolkitAdditions.m */,
				0D7D77A61CAE6F9D00AF9E7D /* UIColor+Hex.h */,
				0D7D77A71CAE6F9D00AF9E7D /* UIColor+Hex.m */,
			);
			name = Category;
			sourceTree = "<group>";
		};
		0D8A6A281CA2365E00C65EF0 /* MyTextField */ = {
			isa = PBXGroup;
			children = (
				0D8A6A291CA2367F00C65EF0 /* MyTextField.h */,
				0D8A6A2A1CA2367F00C65EF0 /* MyTextField.m */,
			);
			name = MyTextField;
			sourceTree = "<group>";
		};
		0D9C9DA51C97E62400652830 = {
			isa = PBXGroup;
			children = (
				0D9C9DB01C97E62400652830 /* qitu */,
				0D9C9DCA1C97E62400652830 /* qituTests */,
				0D9C9DD51C97E62400652830 /* qituUITests */,
				0D9C9DAF1C97E62400652830 /* Products */,
				8FE72B43F38F4CCAE1BAB2EA /* Pods */,
				02CCD91562BB1A13DCA9155F /* Frameworks */,
			);
			sourceTree = "<group>";
		};
		0D9C9DAF1C97E62400652830 /* Products */ = {
			isa = PBXGroup;
			children = (
				0D9C9DAE1C97E62400652830 /* qitu.app */,
				0D9C9DC71C97E62400652830 /* qituTests.xctest */,
				0D9C9DD21C97E62400652830 /* qituUITests.xctest */,
			);
			name = Products;
			sourceTree = "<group>";
		};
		0D9C9DB01C97E62400652830 /* qitu */ = {
			isa = PBXGroup;
			children = (
				0D630B981C9A3D290063AC7E /* External */,
				0D630B9F1C9A3E610063AC7E /* Qitu */,
				0D9C9DB41C97E62400652830 /* AppDelegate.h */,
				0D9C9DB51C97E62400652830 /* AppDelegate.m */,
				0D9C9DBD1C97E62400652830 /* Assets.xcassets */,
				0D9C9DBF1C97E62400652830 /* LaunchScreen.storyboard */,
				0D9C9DC21C97E62400652830 /* Info.plist */,
				0D9C9DB11C97E62400652830 /* Supporting Files */,
				0D630BB41C9A93E40063AC7E /* PrefixHeader.pch */,
			);
			path = qitu;
			sourceTree = "<group>";
		};
		0D9C9DB11C97E62400652830 /* Supporting Files */ = {
			isa = PBXGroup;
			children = (
				0D9C9DB21C97E62400652830 /* main.m */,
			);
			name = "Supporting Files";
			sourceTree = "<group>";
		};
		0D9C9DCA1C97E62400652830 /* qituTests */ = {
			isa = PBXGroup;
			children = (
				0D9C9DCB1C97E62400652830 /* qituTests.m */,
				0D9C9DCD1C97E62400652830 /* Info.plist */,
			);
			path = qituTests;
			sourceTree = "<group>";
		};
		0D9C9DD51C97E62400652830 /* qituUITests */ = {
			isa = PBXGroup;
			children = (
				0D9C9DD61C97E62400652830 /* qituUITests.m */,
				0D9C9DD81C97E62400652830 /* Info.plist */,
			);
			path = qituUITests;
			sourceTree = "<group>";
		};
		0DCE80A61CB5F2BB0003ADB1 /* DiyModel */ = {
			isa = PBXGroup;
			children = (
				0DCE80A31CB5F2B30003ADB1 /* APageImgItem.h */,
				0DCE80A41CB5F2B30003ADB1 /* APageImgItem.m */,
				0DCE80A71CB5F2E60003ADB1 /* APageTextItem.h */,
				0DCE80A81CB5F2E60003ADB1 /* APageTextItem.m */,
				0DCE80AA1CB5F2FD0003ADB1 /* DiyAPageItem.h */,
				0DCE80AB1CB5F2FD0003ADB1 /* DiyAPageItem.m */,
			);
			name = DiyModel;
			sourceTree = "<group>";
		};
		0DD6093D1CC5E9C9002AB7DE /* DiyTemplate */ = {
			isa = PBXGroup;
			children = (
				0D4B3EBE1CCDCF880052B22D /* DiyAddPageView.h */,
				0D4B3EBF1CCDCF880052B22D /* DiyAddPageView.m */,
				0DE7E4401CC9FDFE00DBC02A /* DiyShowDelgate.h */,
				0D0B8C721CCF6D7C00DB61D0 /* DiyCollectionView.h */,
				0D0B8C731CCF6D7C00DB61D0 /* DiyCollectionView.m */,
				0D7325711CB33F64008899BA /* DiyBottomBar.h */,
				0D7325721CB33F64008899BA /* DiyBottomBar.m */,
				0D7325801CB3947F008899BA /* DiyMainBottomBar.h */,
				0D7325811CB3947F008899BA /* DiyMainBottomBar.m */,
				0DFD5C0E1CD98A930047A3E6 /* DiyPageSortBottomBar.h */,
				0DFD5C0F1CD98A930047A3E6 /* DiyPageSortBottomBar.m */,
				0DE3DD321CDB2067002612D6 /* DiyTextContentView.h */,
				0DE3DD331CDB2067002612D6 /* DiyTextContentView.m */,
				0DA3C6211CC7784200E1F279 /* DiyRelatedEnum.h */,
			);
			name = DiyTemplate;
			sourceTree = "<group>";
		};
		8FE72B43F38F4CCAE1BAB2EA /* Pods */ = {
			isa = PBXGroup;
			children = (
				F7D5D376C15FCBA44FD5EF4A /* Pods-qitu.debug.xcconfig */,
				4B1010901B633EC246E9A2FA /* Pods-qitu.release.xcconfig */,
			);
			name = Pods;
			sourceTree = "<group>";
		};
/* End PBXGroup section */

/* Begin PBXNativeTarget section */
		0D9C9DAD1C97E62400652830 /* qitu */ = {
			isa = PBXNativeTarget;
			buildConfigurationList = 0D9C9DDB1C97E62400652830 /* Build configuration list for PBXNativeTarget "qitu" */;
			buildPhases = (
				5C19E689098F2AA21E3A94E8 /* Check Pods Manifest.lock */,
				0D9C9DAA1C97E62400652830 /* Sources */,
				0D9C9DAB1C97E62400652830 /* Frameworks */,
				0D9C9DAC1C97E62400652830 /* Resources */,
				5889E2B1083FC7FED674FDCD /* Embed Pods Frameworks */,
				61EBF982F2BDA6B183B51003 /* Copy Pods Resources */,
			);
			buildRules = (
			);
			dependencies = (
			);
			name = qitu;
			productName = qitu;
			productReference = 0D9C9DAE1C97E62400652830 /* qitu.app */;
			productType = "com.apple.product-type.application";
		};
		0D9C9DC61C97E62400652830 /* qituTests */ = {
			isa = PBXNativeTarget;
			buildConfigurationList = 0D9C9DDE1C97E62400652830 /* Build configuration list for PBXNativeTarget "qituTests" */;
			buildPhases = (
				0D9C9DC31C97E62400652830 /* Sources */,
				0D9C9DC41C97E62400652830 /* Frameworks */,
				0D9C9DC51C97E62400652830 /* Resources */,
			);
			buildRules = (
			);
			dependencies = (
				0D9C9DC91C97E62400652830 /* PBXTargetDependency */,
			);
			name = qituTests;
			productName = qituTests;
			productReference = 0D9C9DC71C97E62400652830 /* qituTests.xctest */;
			productType = "com.apple.product-type.bundle.unit-test";
		};
		0D9C9DD11C97E62400652830 /* qituUITests */ = {
			isa = PBXNativeTarget;
			buildConfigurationList = 0D9C9DE11C97E62400652830 /* Build configuration list for PBXNativeTarget "qituUITests" */;
			buildPhases = (
				0D9C9DCE1C97E62400652830 /* Sources */,
				0D9C9DCF1C97E62400652830 /* Frameworks */,
				0D9C9DD01C97E62400652830 /* Resources */,
			);
			buildRules = (
			);
			dependencies = (
				0D9C9DD41C97E62400652830 /* PBXTargetDependency */,
			);
			name = qituUITests;
			productName = qituUITests;
			productReference = 0D9C9DD21C97E62400652830 /* qituUITests.xctest */;
			productType = "com.apple.product-type.bundle.ui-testing";
		};
/* End PBXNativeTarget section */

/* Begin PBXProject section */
		0D9C9DA61C97E62400652830 /* Project object */ = {
			isa = PBXProject;
			attributes = {
				LastUpgradeCheck = 0720;
				ORGANIZATIONNAME = "上海企图";
				TargetAttributes = {
					0D9C9DAD1C97E62400652830 = {
						CreatedOnToolsVersion = 7.2;
						DevelopmentTeam = UTFY9Y5285;
						SystemCapabilities = {
							com.apple.InAppPurchase = {
								enabled = 1;
							};
							com.apple.Push = {
								enabled = 1;
							};
						};
					};
					0D9C9DC61C97E62400652830 = {
						CreatedOnToolsVersion = 7.2;
						TestTargetID = 0D9C9DAD1C97E62400652830;
					};
					0D9C9DD11C97E62400652830 = {
						CreatedOnToolsVersion = 7.2;
						TestTargetID = 0D9C9DAD1C97E62400652830;
					};
				};
			};
			buildConfigurationList = 0D9C9DA91C97E62400652830 /* Build configuration list for PBXProject "qitu" */;
			compatibilityVersion = "Xcode 3.2";
			developmentRegion = English;
			hasScannedForEncodings = 0;
			knownRegions = (
				en,
				Base,
			);
			mainGroup = 0D9C9DA51C97E62400652830;
			productRefGroup = 0D9C9DAF1C97E62400652830 /* Products */;
			projectDirPath = "";
			projectRoot = "";
			targets = (
				0D9C9DAD1C97E62400652830 /* qitu */,
				0D9C9DC61C97E62400652830 /* qituTests */,
				0D9C9DD11C97E62400652830 /* qituUITests */,
			);
		};
/* End PBXProject section */

/* Begin PBXResourcesBuildPhase section */
		0D9C9DAC1C97E62400652830 /* Resources */ = {
			isa = PBXResourcesBuildPhase;
			buildActionMask = 2147483647;
			files = (
				0DFD5C121CD99C190047A3E6 /* Intro_2@2x.png in Resources */,
				0D0B8C691CCF171B00DB61D0 /* AssetCell.xib in Resources */,
				0D9C9DC11C97E62400652830 /* LaunchScreen.storyboard in Resources */,
				0D73258A1CB3BEAA008899BA /* data.json in Resources */,
				0D0B8C6E1CCF1CC900DB61D0 /* AssetTableCell.xib in Resources */,
				0D4B3EC51CCDFC490052B22D /* CropImageViewController.xib in Resources */,
				0D85721A1CB785E200936F0D /* model.json in Resources */,
				0DA937681C9BF162000DC170 /* MyEvent.storyboard in Resources */,
				0DA9376A1C9BF17D000DC170 /* Creator.storyboard in Resources */,
				0DD609331CC5CE6F002AB7DE /* 004.jpg in Resources */,
				0D9C9DBE1C97E62400652830 /* Assets.xcassets in Resources */,
				0DD609311CC5CE6F002AB7DE /* 002.jpg in Resources */,
				0DE33A081CC8754700E5D229 /* 003@2x.png in Resources */,
				0DA9376C1C9BF19A000DC170 /* PublicEvent.storyboard in Resources */,
				0DD609301CC5CE6F002AB7DE /* 001.jpg in Resources */,
			);
			runOnlyForDeploymentPostprocessing = 0;
		};
		0D9C9DC51C97E62400652830 /* Resources */ = {
			isa = PBXResourcesBuildPhase;
			buildActionMask = 2147483647;
			files = (
			);
			runOnlyForDeploymentPostprocessing = 0;
		};
		0D9C9DD01C97E62400652830 /* Resources */ = {
			isa = PBXResourcesBuildPhase;
			buildActionMask = 2147483647;
			files = (
			);
			runOnlyForDeploymentPostprocessing = 0;
		};
/* End PBXResourcesBuildPhase section */

/* Begin PBXShellScriptBuildPhase section */
		5889E2B1083FC7FED674FDCD /* Embed Pods Frameworks */ = {
			isa = PBXShellScriptBuildPhase;
			buildActionMask = 2147483647;
			files = (
			);
			inputPaths = (
			);
			name = "Embed Pods Frameworks";
			outputPaths = (
			);
			runOnlyForDeploymentPostprocessing = 0;
			shellPath = /bin/sh;
			shellScript = "\"${SRCROOT}/Pods/Target Support Files/Pods-qitu/Pods-qitu-frameworks.sh\"\n";
			showEnvVarsInLog = 0;
		};
		5C19E689098F2AA21E3A94E8 /* Check Pods Manifest.lock */ = {
			isa = PBXShellScriptBuildPhase;
			buildActionMask = 2147483647;
			files = (
			);
			inputPaths = (
			);
			name = "Check Pods Manifest.lock";
			outputPaths = (
			);
			runOnlyForDeploymentPostprocessing = 0;
			shellPath = /bin/sh;
			shellScript = "diff \"${PODS_ROOT}/../Podfile.lock\" \"${PODS_ROOT}/Manifest.lock\" > /dev/null\nif [[ $? != 0 ]] ; then\n    cat << EOM\nerror: The sandbox is not in sync with the Podfile.lock. Run 'pod install' or update your CocoaPods installation.\nEOM\n    exit 1\nfi\n";
			showEnvVarsInLog = 0;
		};
		61EBF982F2BDA6B183B51003 /* Copy Pods Resources */ = {
			isa = PBXShellScriptBuildPhase;
			buildActionMask = 2147483647;
			files = (
			);
			inputPaths = (
			);
			name = "Copy Pods Resources";
			outputPaths = (
			);
			runOnlyForDeploymentPostprocessing = 0;
			shellPath = /bin/sh;
			shellScript = "\"${SRCROOT}/Pods/Target Support Files/Pods-qitu/Pods-qitu-resources.sh\"\n";
			showEnvVarsInLog = 0;
		};
/* End PBXShellScriptBuildPhase section */

/* Begin PBXSourcesBuildPhase section */
		0D9C9DAA1C97E62400652830 /* Sources */ = {
			isa = PBXSourcesBuildPhase;
			buildActionMask = 2147483647;
			files = (
				0D84907F1CA913D400A28D94 /* QTBuyMainView.m in Sources */,
				0D5D7B741CA0FF22002E1D3F /* UserInfoItem.m in Sources */,
				0D7325821CB3947F008899BA /* DiyMainBottomBar.m in Sources */,
				0D7D77A81CAE6F9D00AF9E7D /* UIColor+Hex.m in Sources */,
				0D8A6A2B1CA2367F00C65EF0 /* MyTextField.m in Sources */,
				0D97ABD71CA6661200099DF7 /* CreatorMainVC.m in Sources */,
				0D4B3EC01CCDCF880052B22D /* DiyAddPageView.m in Sources */,
				0DE33A061CC858BE00E5D229 /* APageImgView.m in Sources */,
				0D5D7B771CA1481D002E1D3F /* LoginVC.m in Sources */,
				0DCE80A51CB5F2B30003ADB1 /* APageImgItem.m in Sources */,
				0D6BC60A1CABC2FB0027B5A6 /* TemplatePreviewVC.m in Sources */,
				0D2912DA1CC47BD7005EF62A /* APageTextLabel.m in Sources */,
				0D7D51F71CACD7D10085E138 /* TemplateItem.m in Sources */,
				0DCE80A91CB5F2E60003ADB1 /* APageTextItem.m in Sources */,
				0D7D779F1CAE045500AF9E7D /* SelectBgColor.m in Sources */,
				0D8764F51CA39EE70078E871 /* MyUtills.m in Sources */,
				0D8A6A2E1CA27BA600C65EF0 /* SettingsVC.m in Sources */,
				0D4B3EC41CCDFC490052B22D /* CropImageViewController.m in Sources */,
				0D7325731CB33F64008899BA /* DiyBottomBar.m in Sources */,
				0D8764FF1CA3A3410078E871 /* NSData+SSToolkitAdditions.m in Sources */,
				0DCE80AC1CB5F2FD0003ADB1 /* DiyAPageItem.m in Sources */,
				0D76A1B31CD0BB0D007C2823 /* PhotoTweakView.m in Sources */,
				0D7D51FA1CACDA6F0085E138 /* DiyTemplateMainVC.m in Sources */,
				0D630BB81C9A96600063AC7E /* BaseViewController.m in Sources */,
				0DE3DD341CDB2067002612D6 /* DiyTextContentView.m in Sources */,
				0D84907C1CA9136100A28D94 /* QTBigScrollView.m in Sources */,
				0D8490821CA9200A00A28D94 /* BuyTemplateMainVC.m in Sources */,
				0D9C9DB61C97E62400652830 /* AppDelegate.m in Sources */,
				0DD2D0641CA5309700F2EF62 /* UserDetailItem.m in Sources */,
				0DA937661C9BF0EA000DC170 /* HomeViewController.m in Sources */,
				0DAED5B51CAA140A00D0BEA5 /* StoreTemplateItem.m in Sources */,
				0D6BC6071CAB7F9D0027B5A6 /* BuyTemplateContentVC.m in Sources */,
				0D3C0F941CA3E2020063F5CB /* PersonalInfoVC.m in Sources */,
				0DA937721C9BF576000DC170 /* PublicEventVC.m in Sources */,
				0D8764F81CA3A21E0078E871 /* IdentifierValidator.m in Sources */,
				0D9C9DB31C97E62400652830 /* main.m in Sources */,
				0D8490761CA8E91100A28D94 /* QTSlideBtnView.m in Sources */,
				0DA937631C9BD715000DC170 /* MyEventCell.m in Sources */,
				0D0398521C9F90DB00A65973 /* MyEventVC.m in Sources */,
				0D8764FC1CA3A2D00078E871 /* NSString+SSToolkitAdditions.m in Sources */,
				0D630BBE1C9A9D9B0063AC7E /* MyAlertView.m in Sources */,
				0D4B3EC81CCE17340052B22D /* SelectImageVC.m in Sources */,
				0DD2D0671CA534FC00F2EF62 /* PersonalInfoCell.m in Sources */,
				0D0B8C711CCF3C2D00DB61D0 /* ImagePickerVC.m in Sources */,
				0DFD5C101CD98A930047A3E6 /* DiyPageSortBottomBar.m in Sources */,
				0D7325881CB39C1C008899BA /* DiyOnePageCell.m in Sources */,
				0D0B8C681CCF171B00DB61D0 /* AssetCell.m in Sources */,
				0DAED5B81CAA14E600D0BEA5 /* CategoryItem.m in Sources */,
				0D0B8C6D1CCF1CC900DB61D0 /* AssetTableCell.m in Sources */,
				0D1C55F41CD3645D00165E81 /* UIImage+Handler.m in Sources */,
				0D8899FD1CA4D0E1003F6B29 /* ArrayDataSource.m in Sources */,
				0DAED5BB1CAA247100D0BEA5 /* StoreTemplateCell.m in Sources */,
				0D0B8C741CCF6D7C00DB61D0 /* DiyCollectionView.m in Sources */,
				0D73257C1CB34A68008899BA /* BtnContentVSort.m in Sources */,
				0D84908B1CA92B6800A28D94 /* CreatorCollectionCell.m in Sources */,
				0D630BB31C9A5E340063AC7E /* QTAPIClient.m in Sources */,
			);
			runOnlyForDeploymentPostprocessing = 0;
		};
		0D9C9DC31C97E62400652830 /* Sources */ = {
			isa = PBXSourcesBuildPhase;
			buildActionMask = 2147483647;
			files = (
				0D9C9DCC1C97E62400652830 /* qituTests.m in Sources */,
			);
			runOnlyForDeploymentPostprocessing = 0;
		};
		0D9C9DCE1C97E62400652830 /* Sources */ = {
			isa = PBXSourcesBuildPhase;
			buildActionMask = 2147483647;
			files = (
				0D9C9DD71C97E62400652830 /* qituUITests.m in Sources */,
			);
			runOnlyForDeploymentPostprocessing = 0;
		};
/* End PBXSourcesBuildPhase section */

/* Begin PBXTargetDependency section */
		0D9C9DC91C97E62400652830 /* PBXTargetDependency */ = {
			isa = PBXTargetDependency;
			target = 0D9C9DAD1C97E62400652830 /* qitu */;
			targetProxy = 0D9C9DC81C97E62400652830 /* PBXContainerItemProxy */;
		};
		0D9C9DD41C97E62400652830 /* PBXTargetDependency */ = {
			isa = PBXTargetDependency;
			target = 0D9C9DAD1C97E62400652830 /* qitu */;
			targetProxy = 0D9C9DD31C97E62400652830 /* PBXContainerItemProxy */;
		};
/* End PBXTargetDependency section */

/* Begin PBXVariantGroup section */
		0D9C9DBF1C97E62400652830 /* LaunchScreen.storyboard */ = {
			isa = PBXVariantGroup;
			children = (
				0D9C9DC01C97E62400652830 /* Base */,
			);
			name = LaunchScreen.storyboard;
			sourceTree = "<group>";
		};
/* End PBXVariantGroup section */

/* Begin XCBuildConfiguration section */
		0D9C9DD91C97E62400652830 /* Debug */ = {
			isa = XCBuildConfiguration;
			buildSettings = {
				ALWAYS_SEARCH_USER_PATHS = NO;
				CLANG_CXX_LANGUAGE_STANDARD = "gnu++0x";
				CLANG_CXX_LIBRARY = "libc++";
				CLANG_ENABLE_MODULES = YES;
				CLANG_ENABLE_OBJC_ARC = YES;
				CLANG_WARN_BOOL_CONVERSION = YES;
				CLANG_WARN_CONSTANT_CONVERSION = YES;
				CLANG_WARN_DIRECT_OBJC_ISA_USAGE = YES_ERROR;
				CLANG_WARN_EMPTY_BODY = YES;
				CLANG_WARN_ENUM_CONVERSION = YES;
				CLANG_WARN_INT_CONVERSION = YES;
				CLANG_WARN_OBJC_ROOT_CLASS = YES_ERROR;
				CLANG_WARN_UNREACHABLE_CODE = YES;
				CLANG_WARN__DUPLICATE_METHOD_MATCH = YES;
				"CODE_SIGN_IDENTITY[sdk=iphoneos*]" = "iPhone Developer";
				COPY_PHASE_STRIP = NO;
				DEBUG_INFORMATION_FORMAT = dwarf;
				ENABLE_STRICT_OBJC_MSGSEND = YES;
				ENABLE_TESTABILITY = YES;
				GCC_C_LANGUAGE_STANDARD = gnu99;
				GCC_DYNAMIC_NO_PIC = NO;
				GCC_NO_COMMON_BLOCKS = YES;
				GCC_OPTIMIZATION_LEVEL = 0;
				GCC_PREPROCESSOR_DEFINITIONS = (
					"DEBUG=1",
					"$(inherited)",
				);
				GCC_WARN_64_TO_32_BIT_CONVERSION = YES;
				GCC_WARN_ABOUT_RETURN_TYPE = YES_ERROR;
				GCC_WARN_UNDECLARED_SELECTOR = YES;
				GCC_WARN_UNINITIALIZED_AUTOS = YES_AGGRESSIVE;
				GCC_WARN_UNUSED_FUNCTION = YES;
				GCC_WARN_UNUSED_VARIABLE = YES;
				IPHONEOS_DEPLOYMENT_TARGET = 9.2;
				MTL_ENABLE_DEBUG_INFO = YES;
				ONLY_ACTIVE_ARCH = YES;
				SDKROOT = iphoneos;
			};
			name = Debug;
		};
		0D9C9DDA1C97E62400652830 /* Release */ = {
			isa = XCBuildConfiguration;
			buildSettings = {
				ALWAYS_SEARCH_USER_PATHS = NO;
				CLANG_CXX_LANGUAGE_STANDARD = "gnu++0x";
				CLANG_CXX_LIBRARY = "libc++";
				CLANG_ENABLE_MODULES = YES;
				CLANG_ENABLE_OBJC_ARC = YES;
				CLANG_WARN_BOOL_CONVERSION = YES;
				CLANG_WARN_CONSTANT_CONVERSION = YES;
				CLANG_WARN_DIRECT_OBJC_ISA_USAGE = YES_ERROR;
				CLANG_WARN_EMPTY_BODY = YES;
				CLANG_WARN_ENUM_CONVERSION = YES;
				CLANG_WARN_INT_CONVERSION = YES;
				CLANG_WARN_OBJC_ROOT_CLASS = YES_ERROR;
				CLANG_WARN_UNREACHABLE_CODE = YES;
				CLANG_WARN__DUPLICATE_METHOD_MATCH = YES;
				"CODE_SIGN_IDENTITY[sdk=iphoneos*]" = "iPhone Developer";
				COPY_PHASE_STRIP = NO;
				DEBUG_INFORMATION_FORMAT = "dwarf-with-dsym";
				ENABLE_NS_ASSERTIONS = NO;
				ENABLE_STRICT_OBJC_MSGSEND = YES;
				GCC_C_LANGUAGE_STANDARD = gnu99;
				GCC_NO_COMMON_BLOCKS = YES;
				GCC_WARN_64_TO_32_BIT_CONVERSION = YES;
				GCC_WARN_ABOUT_RETURN_TYPE = YES_ERROR;
				GCC_WARN_UNDECLARED_SELECTOR = YES;
				GCC_WARN_UNINITIALIZED_AUTOS = YES_AGGRESSIVE;
				GCC_WARN_UNUSED_FUNCTION = YES;
				GCC_WARN_UNUSED_VARIABLE = YES;
				IPHONEOS_DEPLOYMENT_TARGET = 9.2;
				MTL_ENABLE_DEBUG_INFO = NO;
				SDKROOT = iphoneos;
				VALIDATE_PRODUCT = YES;
			};
			name = Release;
		};
		0D9C9DDC1C97E62400652830 /* Debug */ = {
			isa = XCBuildConfiguration;
			baseConfigurationReference = F7D5D376C15FCBA44FD5EF4A /* Pods-qitu.debug.xcconfig */;
			buildSettings = {
				ASSETCATALOG_COMPILER_APPICON_NAME = AppIcon;
				CODE_SIGN_IDENTITY = "iPhone Developer";
				GCC_PREFIX_HEADER = "$(SRCROOT)/qitu/PrefixHeader.pch";
				INFOPLIST_FILE = qitu/Info.plist;
				IPHONEOS_DEPLOYMENT_TARGET = 8.0;
				LD_RUNPATH_SEARCH_PATHS = "$(inherited) @executable_path/Frameworks";
				PRODUCT_BUNDLE_IDENTIFIER = com.shanghaiqige.testdemo;
				PRODUCT_NAME = "$(TARGET_NAME)";
				PROVISIONING_PROFILE = "08c07b32-a57e-411f-a3a6-17d565f03fb5";
				TARGETED_DEVICE_FAMILY = 1;
				USER_HEADER_SEARCH_PATHS = "$(PODS_ROOT)/**";
			};
			name = Debug;
		};
		0D9C9DDD1C97E62400652830 /* Release */ = {
			isa = XCBuildConfiguration;
			baseConfigurationReference = 4B1010901B633EC246E9A2FA /* Pods-qitu.release.xcconfig */;
			buildSettings = {
				ASSETCATALOG_COMPILER_APPICON_NAME = AppIcon;
				CODE_SIGN_IDENTITY = "iPhone Distribution";
				GCC_PREFIX_HEADER = "$(SRCROOT)/qitu/PrefixHeader.pch";
				INFOPLIST_FILE = qitu/Info.plist;
				IPHONEOS_DEPLOYMENT_TARGET = 8.0;
				LD_RUNPATH_SEARCH_PATHS = "$(inherited) @executable_path/Frameworks";
				PRODUCT_BUNDLE_IDENTIFIER = com.shanghaiqige.testdemo;
				PRODUCT_NAME = "$(TARGET_NAME)";
				PROVISIONING_PROFILE = "08c07b32-a57e-411f-a3a6-17d565f03fb5";
				TARGETED_DEVICE_FAMILY = 1;
				USER_HEADER_SEARCH_PATHS = "$(PODS_ROOT)/**";
			};
			name = Release;
		};
		0D9C9DDF1C97E62400652830 /* Debug */ = {
			isa = XCBuildConfiguration;
			buildSettings = {
				BUNDLE_LOADER = "$(TEST_HOST)";
				INFOPLIST_FILE = qituTests/Info.plist;
				LD_RUNPATH_SEARCH_PATHS = "$(inherited) @executable_path/Frameworks @loader_path/Frameworks";
				PRODUCT_BUNDLE_IDENTIFIER = com.shanghaiqige.qituTests;
				PRODUCT_NAME = "$(TARGET_NAME)";
				TEST_HOST = "$(BUILT_PRODUCTS_DIR)/qitu.app/qitu";
			};
			name = Debug;
		};
		0D9C9DE01C97E62400652830 /* Release */ = {
			isa = XCBuildConfiguration;
			buildSettings = {
				BUNDLE_LOADER = "$(TEST_HOST)";
				INFOPLIST_FILE = qituTests/Info.plist;
				LD_RUNPATH_SEARCH_PATHS = "$(inherited) @executable_path/Frameworks @loader_path/Frameworks";
				PRODUCT_BUNDLE_IDENTIFIER = com.shanghaiqige.qituTests;
				PRODUCT_NAME = "$(TARGET_NAME)";
				TEST_HOST = "$(BUILT_PRODUCTS_DIR)/qitu.app/qitu";
			};
			name = Release;
		};
		0D9C9DE21C97E62400652830 /* Debug */ = {
			isa = XCBuildConfiguration;
			buildSettings = {
				INFOPLIST_FILE = qituUITests/Info.plist;
				LD_RUNPATH_SEARCH_PATHS = "$(inherited) @executable_path/Frameworks @loader_path/Frameworks";
				PRODUCT_BUNDLE_IDENTIFIER = com.shanghaiqige.qituUITests;
				PRODUCT_NAME = "$(TARGET_NAME)";
				TEST_TARGET_NAME = qitu;
				USES_XCTRUNNER = YES;
			};
			name = Debug;
		};
		0D9C9DE31C97E62400652830 /* Release */ = {
			isa = XCBuildConfiguration;
			buildSettings = {
				INFOPLIST_FILE = qituUITests/Info.plist;
				LD_RUNPATH_SEARCH_PATHS = "$(inherited) @executable_path/Frameworks @loader_path/Frameworks";
				PRODUCT_BUNDLE_IDENTIFIER = com.shanghaiqige.qituUITests;
				PRODUCT_NAME = "$(TARGET_NAME)";
				TEST_TARGET_NAME = qitu;
				USES_XCTRUNNER = YES;
			};
			name = Release;
		};
/* End XCBuildConfiguration section */

/* Begin XCConfigurationList section */
		0D9C9DA91C97E62400652830 /* Build configuration list for PBXProject "qitu" */ = {
			isa = XCConfigurationList;
			buildConfigurations = (
				0D9C9DD91C97E62400652830 /* Debug */,
				0D9C9DDA1C97E62400652830 /* Release */,
			);
			defaultConfigurationIsVisible = 0;
			defaultConfigurationName = Release;
		};
		0D9C9DDB1C97E62400652830 /* Build configuration list for PBXNativeTarget "qitu" */ = {
			isa = XCConfigurationList;
			buildConfigurations = (
				0D9C9DDC1C97E62400652830 /* Debug */,
				0D9C9DDD1C97E62400652830 /* Release */,
			);
			defaultConfigurationIsVisible = 0;
			defaultConfigurationName = Release;
		};
		0D9C9DDE1C97E62400652830 /* Build configuration list for PBXNativeTarget "qituTests" */ = {
			isa = XCConfigurationList;
			buildConfigurations = (
				0D9C9DDF1C97E62400652830 /* Debug */,
				0D9C9DE01C97E62400652830 /* Release */,
			);
			defaultConfigurationIsVisible = 0;
			defaultConfigurationName = Release;
		};
		0D9C9DE11C97E62400652830 /* Build configuration list for PBXNativeTarget "qituUITests" */ = {
			isa = XCConfigurationList;
			buildConfigurations = (
				0D9C9DE21C97E62400652830 /* Debug */,
				0D9C9DE31C97E62400652830 /* Release */,
			);
			defaultConfigurationIsVisible = 0;
			defaultConfigurationName = Release;
		};
/* End XCConfigurationList section */
	};
	rootObject = 0D9C9DA61C97E62400652830 /* Project object */;
}
